PODS:
  - Flutter (1.0.0)
  - flutter_ad_plugin (0.0.1):
    - Flutter

DEPENDENCIES:
  - Flutter (from `Flutter`)
  - flutter_ad_plugin (from `.symlinks/plugins/flutter_ad_plugin/ios`)

EXTERNAL SOURCES:
  Flutter:
    :path: Flutter
  flutter_ad_plugin:
    :path: ".symlinks/plugins/flutter_ad_plugin/ios"

SPEC CHECKSUMS:
  Flutter: 0e3d915762c693b495b44d77113d4970485de6ec
  flutter_ad_plugin: 3a77cf2094588d89b1f2933e201bc831ef15b4f8

PODFILE CHECKSUM: aafe91acc616949ddb318b77800a7f51bffa2a4c

COCOAPODS: 1.9.3
